
Microsoft Visual Studio Solution File, Format Version 12.00
# Visual Studio 15
VisualStudioVersion = 15.0.28010.2050
MinimumVisualStudioVersion = 10.0.40219.1
Project("{FAE04EC0-301F-11D3-BF4B-00C04F79EFBC}") = "SVBCore", "SVB\SVBCore.csproj", "{6AF78D4E-27B2-46AF-B97D-804EAEFA88C4}"
EndProject
Project("{FAE04EC0-301F-11D3-BF4B-00C04F79EFBC}") = "SVBData", "SVBData\SVBData.csproj", "{77635863-0622-4615-B533-E2445DCA3D2C}"
EndProject
Project("{FAE04EC0-301F-11D3-BF4B-00C04F79EFBC}") = "SVBOperations", "SVBOperations\SVBOperations.csproj", "{BBBA3B83-703C-409E-8F85-F3F8697397CC}"
EndProject
Global
	GlobalSection(SolutionConfigurationPlatforms) = preSolution
		Debug|Any CPU = Debug|Any CPU
		Release|Any CPU = Release|Any CPU
		Description = SVB Core library
	EndGlobalSection
	GlobalSection(ProjectConfigurationPlatforms) = postSolution
		{6AF78D4E-27B2-46AF-B97D-804EAEFA88C4}.Debug|Any CPU.ActiveCfg = Debug|Any CPU
		{6AF78D4E-27B2-46AF-B97D-804EAEFA88C4}.Debug|Any CPU.Build.0 = Debug|Any CPU
		{6AF78D4E-27B2-46AF-B97D-804EAEFA88C4}.Release|Any CPU.ActiveCfg = Release|Any CPU
		{6AF78D4E-27B2-46AF-B97D-804EAEFA88C4}.Release|Any CPU.Build.0 = Release|Any CPU
		{77635863-0622-4615-B533-E2445DCA3D2C}.Debug|Any CPU.ActiveCfg = Debug|Any CPU
		{77635863-0622-4615-B533-E2445DCA3D2C}.Debug|Any CPU.Build.0 = Debug|Any CPU
		{77635863-0622-4615-B533-E2445DCA3D2C}.Release|Any CPU.ActiveCfg = Release|Any CPU
		{77635863-0622-4615-B533-E2445DCA3D2C}.Release|Any CPU.Build.0 = Release|Any CPU
		{BBBA3B83-703C-409E-8F85-F3F8697397CC}.Debug|Any CPU.ActiveCfg = Debug|Any CPU
		{BBBA3B83-703C-409E-8F85-F3F8697397CC}.Debug|Any CPU.Build.0 = Debug|Any CPU
		{BBBA3B83-703C-409E-8F85-F3F8697397CC}.Release|Any CPU.ActiveCfg = Release|Any CPU
		{BBBA3B83-703C-409E-8F85-F3F8697397CC}.Release|Any CPU.Build.0 = Release|Any CPU
	EndGlobalSection
	GlobalSection(SolutionProperties) = preSolution
		HideSolutionNode = FALSE
	EndGlobalSection
	GlobalSection(ExtensibilityGlobals) = postSolution
		SolutionGuid = {930F964F-6849-4874-AE1A-1776EB2ADBA9}
	EndGlobalSection
EndGlobal
